
Microsoft Visual Studio Solution File, Format Version 12.00
# Visual Studio Version 17
VisualStudioVersion = 17.0.31903.59
MinimumVisualStudioVersion = 10.0.40219.1
Project("{2150E333-8FDC-42A3-9474-1A3956D46DE8}") = "src", "src", "{4355A503-46F5-4473-8AC9-D0BCAAE233C2}"
EndProject
Project("{FAE04EC0-301F-11D3-BF4B-00C04F79EFBC}") = "HCI.AIAssistant.API", "src\HCI.AIAssistant.API\HCI.AIAssistant.API.csproj", "{D7E0C368-9651-48E9-AFD3-881DD4B929A2}"
EndProject
Global
	GlobalSection(SolutionConfigurationPlatforms) = preSolution
		Debug|Any CPU = Debug|Any CPU
		Release|Any CPU = Release|Any CPU
	EndGlobalSection
	GlobalSection(SolutionProperties) = preSolution
		HideSolutionNode = FALSE
	EndGlobalSection
	GlobalSection(ProjectConfigurationPlatforms) = postSolution
		{D7E0C368-9651-48E9-AFD3-881DD4B929A2}.Debug|Any CPU.ActiveCfg = Debug|Any CPU
		{D7E0C368-9651-48E9-AFD3-881DD4B929A2}.Debug|Any CPU.Build.0 = Debug|Any CPU
		{D7E0C368-9651-48E9-AFD3-881DD4B929A2}.Release|Any CPU.ActiveCfg = Release|Any CPU
		{D7E0C368-9651-48E9-AFD3-881DD4B929A2}.Release|Any CPU.Build.0 = Release|Any CPU
	EndGlobalSection
	GlobalSection(NestedProjects) = preSolution
		{D7E0C368-9651-48E9-AFD3-881DD4B929A2} = {4355A503-46F5-4473-8AC9-D0BCAAE233C2}
	EndGlobalSection
EndGlobal
